
Microsoft Visual Studio Solution File, Format Version 12.00
# Visual Studio Version 17
VisualStudioVersion = 17.0.32112.339
MinimumVisualStudioVersion = 10.0.40219.1
Project("{FAE04EC0-301F-11D3-BF4B-00C04F79EFBC}") = "EmailTemplateFunctions", "EmailTemplateFunctions\EmailTemplateFunctions.csproj", "{C56A4E8C-0A0F-4FCE-B618-194E314122C2}"
EndProject
Global
	GlobalSection(SolutionConfigurationPlatforms) = preSolution
		Debug|Any CPU = Debug|Any CPU
		Release|Any CPU = Release|Any CPU
	EndGlobalSection
	GlobalSection(ProjectConfigurationPlatforms) = postSolution
		{C56A4E8C-0A0F-4FCE-B618-194E314122C2}.Debug|Any CPU.ActiveCfg = Debug|Any CPU
		{C56A4E8C-0A0F-4FCE-B618-194E314122C2}.Debug|Any CPU.Build.0 = Debug|Any CPU
		{C56A4E8C-0A0F-4FCE-B618-194E314122C2}.Release|Any CPU.ActiveCfg = Release|Any CPU
		{C56A4E8C-0A0F-4FCE-B618-194E314122C2}.Release|Any CPU.Build.0 = Release|Any CPU
	EndGlobalSection
	GlobalSection(SolutionProperties) = preSolution
		HideSolutionNode = FALSE
	EndGlobalSection
	GlobalSection(ExtensibilityGlobals) = postSolution
		SolutionGuid = {458AC2AC-F4C5-429B-950F-9DA685925265}
	EndGlobalSection
EndGlobal
